// !$*UTF8*$!
{
	archiveVersion = 1;
	classes = {
	};
	objectVersion = 46;
	objects = {

/* Begin PBXBuildFile section */
		8A70372A1D5C22B7008862FD /* AppDelegate.swift in Sources */ = {isa = PBXBuildFile; fileRef = 8A7037291D5C22B7008862FD /* AppDelegate.swift */; };
		8A70372C1D5C22B7008862FD /* ViewController.swift in Sources */ = {isa = PBXBuildFile; fileRef = 8A70372B1D5C22B7008862FD /* ViewController.swift */; };
		8A70372F1D5C22B7008862FD /* Main.storyboard in Resources */ = {isa = PBXBuildFile; fileRef = 8A70372D1D5C22B7008862FD /* Main.storyboard */; };
		8A7037311D5C22B7008862FD /* Assets.xcassets in Resources */ = {isa = PBXBuildFile; fileRef = 8A7037301D5C22B7008862FD /* Assets.xcassets */; };
		8A7037341D5C22B7008862FD /* LaunchScreen.storyboard in Resources */ = {isa = PBXBuildFile; fileRef = 8A7037321D5C22B7008862FD /* LaunchScreen.storyboard */; };
		8A70373F1D5C22B7008862FD /* TransAppWithParameter2Tests.swift in Sources */ = {isa = PBXBuildFile; fileRef = 8A70373E1D5C22B7008862FD /* TransAppWithParameter2Tests.swift */; };
		8A70374A1D5C22B7008862FD /* TransAppWithParameter2UITests.swift in Sources */ = {isa = PBXBuildFile; fileRef = 8A7037491D5C22B7008862FD /* TransAppWithParameter2UITests.swift */; };
/* End PBXBuildFile section */

/* Begin PBXContainerItemProxy section */
		8A70373B1D5C22B7008862FD /* PBXContainerItemProxy */ = {
			isa = PBXContainerItemProxy;
			containerPortal = 8A70371E1D5C22B7008862FD /* Project object */;
			proxyType = 1;
			remoteGlobalIDString = 8A7037251D5C22B7008862FD;
			remoteInfo = TransAppWithParameter2;
		};
		8A7037461D5C22B7008862FD /* PBXContainerItemProxy */ = {
			isa = PBXContainerItemProxy;
			containerPortal = 8A70371E1D5C22B7008862FD /* Project object */;
			proxyType = 1;
			remoteGlobalIDString = 8A7037251D5C22B7008862FD;
			remoteInfo = TransAppWithParameter2;
		};
/* End PBXContainerItemProxy section */

/* Begin PBXFileReference section */
		8A7037261D5C22B7008862FD /* TransAppWithParameter2.app */ = {isa = PBXFileReference; explicitFileType = wrapper.application; includeInIndex = 0; path = TransAppWithParameter2.app; sourceTree = BUILT_PRODUCTS_DIR; };
		8A7037291D5C22B7008862FD /* AppDelegate.swift */ = {isa = PBXFileReference; lastKnownFileType = sourcecode.swift; path = AppDelegate.swift; sourceTree = "<group>"; };
		8A70372B1D5C22B7008862FD /* ViewController.swift */ = {isa = PBXFileReference; lastKnownFileType = sourcecode.swift; path = ViewController.swift; sourceTree = "<group>"; };
		8A70372E1D5C22B7008862FD /* Base */ = {isa = PBXFileReference; lastKnownFileType = file.storyboard; name = Base; path = Base.lproj/Main.storyboard; sourceTree = "<group>"; };
		8A7037301D5C22B7008862FD /* Assets.xcassets */ = {isa = PBXFileReference; lastKnownFileType = folder.assetcatalog; path = Assets.xcassets; sourceTree = "<group>"; };
		8A7037331D5C22B7008862FD /* Base */ = {isa = PBXFileReference; lastKnownFileType = file.storyboard; name = Base; path = Base.lproj/LaunchScreen.storyboard; sourceTree = "<group>"; };
		8A7037351D5C22B7008862FD /* Info.plist */ = {isa = PBXFileReference; lastKnownFileType = text.plist.xml; path = Info.plist; sourceTree = "<group>"; };
		8A70373A1D5C22B7008862FD /* TransAppWithParameter2Tests.xctest */ = {isa = PBXFileReference; explicitFileType = wrapper.cfbundle; includeInIndex = 0; path = TransAppWithParameter2Tests.xctest; sourceTree = BUILT_PRODUCTS_DIR; };
		8A70373E1D5C22B7008862FD /* TransAppWithParameter2Tests.swift */ = {isa = PBXFileReference; lastKnownFileType = sourcecode.swift; path = TransAppWithParameter2Tests.swift; sourceTree = "<group>"; };
		8A7037401D5C22B7008862FD /* Info.plist */ = {isa = PBXFileReference; lastKnownFileType = text.plist.xml; path = Info.plist; sourceTree = "<group>"; };
		8A7037451D5C22B7008862FD /* TransAppWithParameter2UITests.xctest */ = {isa = PBXFileReference; explicitFileType = wrapper.cfbundle; includeInIndex = 0; path = TransAppWithParameter2UITests.xctest; sourceTree = BUILT_PRODUCTS_DIR; };
		8A7037491D5C22B7008862FD /* TransAppWithParameter2UITests.swift */ = {isa = PBXFileReference; lastKnownFileType = sourcecode.swift; path = TransAppWithParameter2UITests.swift; sourceTree = "<group>"; };
		8A70374B1D5C22B7008862FD /* Info.plist */ = {isa = PBXFileReference; lastKnownFileType = text.plist.xml; path = Info.plist; sourceTree = "<group>"; };
/* End PBXFileReference section */

/* Begin PBXFrameworksBuildPhase section */
		8A7037231D5C22B7008862FD /* Frameworks */ = {
			isa = PBXFrameworksBuildPhase;
			buildActionMask = 2147483647;
			files = (
			);
			runOnlyForDeploymentPostprocessing = 0;
		};
		8A7037371D5C22B7008862FD /* Frameworks */ = {
			isa = PBXFrameworksBuildPhase;
			buildActionMask = 2147483647;
			files = (
			);
			runOnlyForDeploymentPostprocessing = 0;
		};
		8A7037421D5C22B7008862FD /* Frameworks */ = {
			isa = PBXFrameworksBuildPhase;
			buildActionMask = 2147483647;
			files = (
			);
			runOnlyForDeploymentPostprocessing = 0;
		};
/* End PBXFrameworksBuildPhase section */

/* Begin PBXGroup section */
		8A70371D1D5C22B7008862FD = {
			isa = PBXGroup;
			children = (
				8A7037281D5C22B7008862FD /* TransAppWithParameter2 */,
				8A70373D1D5C22B7008862FD /* TransAppWithParameter2Tests */,
				8A7037481D5C22B7008862FD /* TransAppWithParameter2UITests */,
				8A7037271D5C22B7008862FD /* Products */,
			);
			sourceTree = "<group>";
		};
		8A7037271D5C22B7008862FD /* Products */ = {
			isa = PBXGroup;
			children = (
				8A7037261D5C22B7008862FD /* TransAppWithParameter2.app */,
				8A70373A1D5C22B7008862FD /* TransAppWithParameter2Tests.xctest */,
				8A7037451D5C22B7008862FD /* TransAppWithParameter2UITests.xctest */,
			);
			name = Products;
			sourceTree = "<group>";
		};
		8A7037281D5C22B7008862FD /* TransAppWithParameter2 */ = {
			isa = PBXGroup;
			children = (
				8A7037291D5C22B7008862FD /* AppDelegate.swift */,
				8A70372B1D5C22B7008862FD /* ViewController.swift */,
				8A70372D1D5C22B7008862FD /* Main.storyboard */,
				8A7037301D5C22B7008862FD /* Assets.xcassets */,
				8A7037321D5C22B7008862FD /* LaunchScreen.storyboard */,
				8A7037351D5C22B7008862FD /* Info.plist */,
			);
			path = TransAppWithParameter2;
			sourceTree = "<group>";
		};
		8A70373D1D5C22B7008862FD /* TransAppWithParameter2Tests */ = {
			isa = PBXGroup;
			children = (
				8A70373E1D5C22B7008862FD /* TransAppWithParameter2Tests.swift */,
				8A7037401D5C22B7008862FD /* Info.plist */,
			);
			path = TransAppWithParameter2Tests;
			sourceTree = "<group>";
		};
		8A7037481D5C22B7008862FD /* TransAppWithParameter2UITests */ = {
			isa = PBXGroup;
			children = (
				8A7037491D5C22B7008862FD /* TransAppWithParameter2UITests.swift */,
				8A70374B1D5C22B7008862FD /* Info.plist */,
			);
			path = TransAppWithParameter2UITests;
			sourceTree = "<group>";
		};
/* End PBXGroup section */

/* Begin PBXNativeTarget section */
		8A7037251D5C22B7008862FD /* TransAppWithParameter2 */ = {
			isa = PBXNativeTarget;
			buildConfigurationList = 8A70374E1D5C22B7008862FD /* Build configuration list for PBXNativeTarget "TransAppWithParameter2" */;
			buildPhases = (
				8A7037221D5C22B7008862FD /* Sources */,
				8A7037231D5C22B7008862FD /* Frameworks */,
				8A7037241D5C22B7008862FD /* Resources */,
			);
			buildRules = (
			);
			dependencies = (
			);
			name = TransAppWithParameter2;
			productName = TransAppWithParameter2;
			productReference = 8A7037261D5C22B7008862FD /* TransAppWithParameter2.app */;
			productType = "com.apple.product-type.application";
		};
		8A7037391D5C22B7008862FD /* TransAppWithParameter2Tests */ = {
			isa = PBXNativeTarget;
			buildConfigurationList = 8A7037511D5C22B7008862FD /* Build configuration list for PBXNativeTarget "TransAppWithParameter2Tests" */;
			buildPhases = (
				8A7037361D5C22B7008862FD /* Sources */,
				8A7037371D5C22B7008862FD /* Frameworks */,
				8A7037381D5C22B7008862FD /* Resources */,
			);
			buildRules = (
			);
			dependencies = (
				8A70373C1D5C22B7008862FD /* PBXTargetDependency */,
			);
			name = TransAppWithParameter2Tests;
			productName = TransAppWithParameter2Tests;
			productReference = 8A70373A1D5C22B7008862FD /* TransAppWithParameter2Tests.xctest */;
			productType = "com.apple.product-type.bundle.unit-test";
		};
		8A7037441D5C22B7008862FD /* TransAppWithParameter2UITests */ = {
			isa = PBXNativeTarget;
			buildConfigurationList = 8A7037541D5C22B7008862FD /* Build configuration list for PBXNativeTarget "TransAppWithParameter2UITests" */;
			buildPhases = (
				8A7037411D5C22B7008862FD /* Sources */,
				8A7037421D5C22B7008862FD /* Frameworks */,
				8A7037431D5C22B7008862FD /* Resources */,
			);
			buildRules = (
			);
			dependencies = (
				8A7037471D5C22B7008862FD /* PBXTargetDependency */,
			);
			name = TransAppWithParameter2UITests;
			productName = TransAppWithParameter2UITests;
			productReference = 8A7037451D5C22B7008862FD /* TransAppWithParameter2UITests.xctest */;
			productType = "com.apple.product-type.bundle.ui-testing";
		};
/* End PBXNativeTarget section */

/* Begin PBXProject section */
		8A70371E1D5C22B7008862FD /* Project object */ = {
			isa = PBXProject;
			attributes = {
				LastSwiftUpdateCheck = 0730;
				LastUpgradeCheck = 0730;
				ORGANIZATIONNAME = doriswu;
				TargetAttributes = {
					8A7037251D5C22B7008862FD = {
						CreatedOnToolsVersion = 7.3;
					};
					8A7037391D5C22B7008862FD = {
						CreatedOnToolsVersion = 7.3;
						TestTargetID = 8A7037251D5C22B7008862FD;
					};
					8A7037441D5C22B7008862FD = {
						CreatedOnToolsVersion = 7.3;
						TestTargetID = 8A7037251D5C22B7008862FD;
					};
				};
			};
			buildConfigurationList = 8A7037211D5C22B7008862FD /* Build configuration list for PBXProject "TransAppWithParameter2" */;
			compatibilityVersion = "Xcode 3.2";
			developmentRegion = English;
			hasScannedForEncodings = 0;
			knownRegions = (
				en,
				Base,
			);
			mainGroup = 8A70371D1D5C22B7008862FD;
			productRefGroup = 8A7037271D5C22B7008862FD /* Products */;
			projectDirPath = "";
			projectRoot = "";
			targets = (
				8A7037251D5C22B7008862FD /* TransAppWithParameter2 */,
				8A7037391D5C22B7008862FD /* TransAppWithParameter2Tests */,
				8A7037441D5C22B7008862FD /* TransAppWithParameter2UITests */,
			);
		};
/* End PBXProject section */

/* Begin PBXResourcesBuildPhase section */
		8A7037241D5C22B7008862FD /* Resources */ = {
			isa = PBXResourcesBuildPhase;
			buildActionMask = 2147483647;
			files = (
				8A7037341D5C22B7008862FD /* LaunchScreen.storyboard in Resources */,
				8A7037311D5C22B7008862FD /* Assets.xcassets in Resources */,
				8A70372F1D5C22B7008862FD /* Main.storyboard in Resources */,
			);
			runOnlyForDeploymentPostprocessing = 0;
		};
		8A7037381D5C22B7008862FD /* Resources */ = {
			isa = PBXResourcesBuildPhase;
			buildActionMask = 2147483647;
			files = (
			);
			runOnlyForDeploymentPostprocessing = 0;
		};
		8A7037431D5C22B7008862FD /* Resources */ = {
			isa = PBXResourcesBuildPhase;
			buildActionMask = 2147483647;
			files = (
			);
			runOnlyForDeploymentPostprocessing = 0;
		};
/* End PBXResourcesBuildPhase section */

/* Begin PBXSourcesBuildPhase section */
		8A7037221D5C22B7008862FD /* Sources */ = {
			isa = PBXSourcesBuildPhase;
			buildActionMask = 2147483647;
			files = (
				8A70372C1D5C22B7008862FD /* ViewController.swift in Sources */,
				8A70372A1D5C22B7008862FD /* AppDelegate.swift in Sources */,
			);
			runOnlyForDeploymentPostprocessing = 0;
		};
		8A7037361D5C22B7008862FD /* Sources */ = {
			isa = PBXSourcesBuildPhase;
			buildActionMask = 2147483647;
			files = (
				8A70373F1D5C22B7008862FD /* TransAppWithParameter2Tests.swift in Sources */,
			);
			runOnlyForDeploymentPostprocessing = 0;
		};
		8A7037411D5C22B7008862FD /* Sources */ = {
			isa = PBXSourcesBuildPhase;
			buildActionMask = 2147483647;
			files = (
				8A70374A1D5C22B7008862FD /* TransAppWithParameter2UITests.swift in Sources */,
			);
			runOnlyForDeploymentPostprocessing = 0;
		};
/* End PBXSourcesBuildPhase section */

/* Begin PBXTargetDependency section */
		8A70373C1D5C22B7008862FD /* PBXTargetDependency */ = {
			isa = PBXTargetDependency;
			target = 8A7037251D5C22B7008862FD /* TransAppWithParameter2 */;
			targetProxy = 8A70373B1D5C22B7008862FD /* PBXContainerItemProxy */;
		};
		8A7037471D5C22B7008862FD /* PBXTargetDependency */ = {
			isa = PBXTargetDependency;
			target = 8A7037251D5C22B7008862FD /* TransAppWithParameter2 */;
			targetProxy = 8A7037461D5C22B7008862FD /* PBXContainerItemProxy */;
		};
/* End PBXTargetDependency section */

/* Begin PBXVariantGroup section */
		8A70372D1D5C22B7008862FD /* Main.storyboard */ = {
			isa = PBXVariantGroup;
			children = (
				8A70372E1D5C22B7008862FD /* Base */,
			);
			name = Main.storyboard;
			sourceTree = "<group>";
		};
		8A7037321D5C22B7008862FD /* LaunchScreen.storyboard */ = {
			isa = PBXVariantGroup;
			children = (
				8A7037331D5C22B7008862FD /* Base */,
			);
			name = LaunchScreen.storyboard;
			sourceTree = "<group>";
		};
/* End PBXVariantGroup section */

/* Begin XCBuildConfiguration section */
		8A70374C1D5C22B7008862FD /* Debug */ = {
			isa = XCBuildConfiguration;
			buildSettings = {
				ALWAYS_SEARCH_USER_PATHS = NO;
				CLANG_ANALYZER_NONNULL = YES;
				CLANG_CXX_LANGUAGE_STANDARD = "gnu++0x";
				CLANG_CXX_LIBRARY = "libc++";
				CLANG_ENABLE_MODULES = YES;
				CLANG_ENABLE_OBJC_ARC = YES;
				CLANG_WARN_BOOL_CONVERSION = YES;
				CLANG_WARN_CONSTANT_CONVERSION = YES;
				CLANG_WARN_DIRECT_OBJC_ISA_USAGE = YES_ERROR;
				CLANG_WARN_EMPTY_BODY = YES;
				CLANG_WARN_ENUM_CONVERSION = YES;
				CLANG_WARN_INT_CONVERSION = YES;
				CLANG_WARN_OBJC_ROOT_CLASS = YES_ERROR;
				CLANG_WARN_UNREACHABLE_CODE = YES;
				CLANG_WARN__DUPLICATE_METHOD_MATCH = YES;
				"CODE_SIGN_IDENTITY[sdk=iphoneos*]" = "iPhone Developer";
				COPY_PHASE_STRIP = NO;
				DEBUG_INFORMATION_FORMAT = dwarf;
				ENABLE_STRICT_OBJC_MSGSEND = YES;
				ENABLE_TESTABILITY = YES;
				GCC_C_LANGUAGE_STANDARD = gnu99;
				GCC_DYNAMIC_NO_PIC = NO;
				GCC_NO_COMMON_BLOCKS = YES;
				GCC_OPTIMIZATION_LEVEL = 0;
				GCC_PREPROCESSOR_DEFINITIONS = (
					"DEBUG=1",
					"$(inherited)",
				);
				GCC_WARN_64_TO_32_BIT_CONVERSION = YES;
				GCC_WARN_ABOUT_RETURN_TYPE = YES_ERROR;
				GCC_WARN_UNDECLARED_SELECTOR = YES;
				GCC_WARN_UNINITIALIZED_AUTOS = YES_AGGRESSIVE;
				GCC_WARN_UNUSED_FUNCTION = YES;
				GCC_WARN_UNUSED_VARIABLE = YES;
				IPHONEOS_DEPLOYMENT_TARGET = 9.3;
				MTL_ENABLE_DEBUG_INFO = YES;
				ONLY_ACTIVE_ARCH = YES;
				SDKROOT = iphoneos;
				SWIFT_OPTIMIZATION_LEVEL = "-Onone";
			};
			name = Debug;
		};
		8A70374D1D5C22B7008862FD /* Release */ = {
			isa = XCBuildConfiguration;
			buildSettings = {
				ALWAYS_SEARCH_USER_PATHS = NO;
				CLANG_ANALYZER_NONNULL = YES;
				CLANG_CXX_LANGUAGE_STANDARD = "gnu++0x";
				CLANG_CXX_LIBRARY = "libc++";
				CLANG_ENABLE_MODULES = YES;
				CLANG_ENABLE_OBJC_ARC = YES;
				CLANG_WARN_BOOL_CONVERSION = YES;
				CLANG_WARN_CONSTANT_CONVERSION = YES;
				CLANG_WARN_DIRECT_OBJC_ISA_USAGE = YES_ERROR;
				CLANG_WARN_EMPTY_BODY = YES;
				CLANG_WARN_ENUM_CONVERSION = YES;
				CLANG_WARN_INT_CONVERSION = YES;
				CLANG_WARN_OBJC_ROOT_CLASS = YES_ERROR;
				CLANG_WARN_UNREACHABLE_CODE = YES;
				CLANG_WARN__DUPLICATE_METHOD_MATCH = YES;
				"CODE_SIGN_IDENTITY[sdk=iphoneos*]" = "iPhone Developer";
				COPY_PHASE_STRIP = NO;
				DEBUG_INFORMATION_FORMAT = "dwarf-with-dsym";
				ENABLE_NS_ASSERTIONS = NO;
				ENABLE_STRICT_OBJC_MSGSEND = YES;
				GCC_C_LANGUAGE_STANDARD = gnu99;
				GCC_NO_COMMON_BLOCKS = YES;
				GCC_WARN_64_TO_32_BIT_CONVERSION = YES;
				GCC_WARN_ABOUT_RETURN_TYPE = YES_ERROR;
				GCC_WARN_UNDECLARED_SELECTOR = YES;
				GCC_WARN_UNINITIALIZED_AUTOS = YES_AGGRESSIVE;
				GCC_WARN_UNUSED_FUNCTION = YES;
				GCC_WARN_UNUSED_VARIABLE = YES;
				IPHONEOS_DEPLOYMENT_TARGET = 9.3;
				MTL_ENABLE_DEBUG_INFO = NO;
				SDKROOT = iphoneos;
				VALIDATE_PRODUCT = YES;
			};
			name = Release;
		};
		8A70374F1D5C22B7008862FD /* Debug */ = {
			isa = XCBuildConfiguration;
			buildSettings = {
				ASSETCATALOG_COMPILER_APPICON_NAME = AppIcon;
				INFOPLIST_FILE = TransAppWithParameter2/Info.plist;
				LD_RUNPATH_SEARCH_PATHS = "$(inherited) @executable_path/Frameworks";
				PRODUCT_BUNDLE_IDENTIFIER = doriswu.TransAppWithParameter2;
				PRODUCT_NAME = "$(TARGET_NAME)";
			};
			name = Debug;
		};
		8A7037501D5C22B7008862FD /* Release */ = {
			isa = XCBuildConfiguration;
			buildSettings = {
				ASSETCATALOG_COMPILER_APPICON_NAME = AppIcon;
				INFOPLIST_FILE = TransAppWithParameter2/Info.plist;
				LD_RUNPATH_SEARCH_PATHS = "$(inherited) @executable_path/Frameworks";
				PRODUCT_BUNDLE_IDENTIFIER = doriswu.TransAppWithParameter2;
				PRODUCT_NAME = "$(TARGET_NAME)";
			};
			name = Release;
		};
		8A7037521D5C22B7008862FD /* Debug */ = {
			isa = XCBuildConfiguration;
			buildSettings = {
				BUNDLE_LOADER = "$(TEST_HOST)";
				INFOPLIST_FILE = TransAppWithParameter2Tests/Info.plist;
				LD_RUNPATH_SEARCH_PATHS = "$(inherited) @executable_path/Frameworks @loader_path/Frameworks";
				PRODUCT_BUNDLE_IDENTIFIER = doriswu.TransAppWithParameter2Tests;
				PRODUCT_NAME = "$(TARGET_NAME)";
				TEST_HOST = "$(BUILT_PRODUCTS_DIR)/TransAppWithParameter2.app/TransAppWithParameter2";
			};
			name = Debug;
		};
		8A7037531D5C22B7008862FD /* Release */ = {
			isa = XCBuildConfiguration;
			buildSettings = {
				BUNDLE_LOADER = "$(TEST_HOST)";
				INFOPLIST_FILE = TransAppWithParameter2Tests/Info.plist;
				LD_RUNPATH_SEARCH_PATHS = "$(inherited) @executable_path/Frameworks @loader_path/Frameworks";
				PRODUCT_BUNDLE_IDENTIFIER = doriswu.TransAppWithParameter2Tests;
				PRODUCT_NAME = "$(TARGET_NAME)";
				TEST_HOST = "$(BUILT_PRODUCTS_DIR)/TransAppWithParameter2.app/TransAppWithParameter2";
			};
			name = Release;
		};
		8A7037551D5C22B7008862FD /* Debug */ = {
			isa = XCBuildConfiguration;
			buildSettings = {
				INFOPLIST_FILE = TransAppWithParameter2UITests/Info.plist;
				LD_RUNPATH_SEARCH_PATHS = "$(inherited) @executable_path/Frameworks @loader_path/Frameworks";
				PRODUCT_BUNDLE_IDENTIFIER = doriswu.TransAppWithParameter2UITests;
				PRODUCT_NAME = "$(TARGET_NAME)";
				TEST_TARGET_NAME = TransAppWithParameter2;
			};
			name = Debug;
		};
		8A7037561D5C22B7008862FD /* Release */ = {
			isa = XCBuildConfiguration;
			buildSettings = {
				INFOPLIST_FILE = TransAppWithParameter2UITests/Info.plist;
				LD_RUNPATH_SEARCH_PATHS = "$(inherited) @executable_path/Frameworks @loader_path/Frameworks";
				PRODUCT_BUNDLE_IDENTIFIER = doriswu.TransAppWithParameter2UITests;
				PRODUCT_NAME = "$(TARGET_NAME)";
				TEST_TARGET_NAME = TransAppWithParameter2;
			};
			name = Release;
		};
/* End XCBuildConfiguration section */

/* Begin XCConfigurationList section */
		8A7037211D5C22B7008862FD /* Build configuration list for PBXProject "TransAppWithParameter2" */ = {
			isa = XCConfigurationList;
			buildConfigurations = (
				8A70374C1D5C22B7008862FD /* Debug */,
				8A70374D1D5C22B7008862FD /* Release */,
			);
			defaultConfigurationIsVisible = 0;
			defaultConfigurationName = Release;
		};
		8A70374E1D5C22B7008862FD /* Build configuration list for PBXNativeTarget "TransAppWithParameter2" */ = {
			isa = XCConfigurationList;
			buildConfigurations = (
				8A70374F1D5C22B7008862FD /* Debug */,
				8A7037501D5C22B7008862FD /* Release */,
			);
			defaultConfigurationIsVisible = 0;
		};
		8A7037511D5C22B7008862FD /* Build configuration list for PBXNativeTarget "TransAppWithParameter2Tests" */ = {
			isa = XCConfigurationList;
			buildConfigurations = (
				8A7037521D5C22B7008862FD /* Debug */,
				8A7037531D5C22B7008862FD /* Release */,
			);
			defaultConfigurationIsVisible = 0;
		};
		8A7037541D5C22B7008862FD /* Build configuration list for PBXNativeTarget "TransAppWithParameter2UITests" */ = {
			isa = XCConfigurationList;
			buildConfigurations = (
				8A7037551D5C22B7008862FD /* Debug */,
				8A7037561D5C22B7008862FD /* Release */,
			);
			defaultConfigurationIsVisible = 0;
		};
/* End XCConfigurationList section */
	};
	rootObject = 8A70371E1D5C22B7008862FD /* Project object */;
}
